hash: aba9d045f02b07021ea78821f7d357e9dafd07de3eeedd4b5e80b3eaa131c946
updated: 2018-11-28T20:11:41.970497-05:00
imports:
- name: github.com/beorn7/perks
  version: 3a771d992973f24aa725d07868b467d1ddfceafb
  subpackages:
  - quantile
- name: github.com/golang/protobuf
  version: aa810b61a9c79d51363740d207bb46cf8e620ed5
  subpackages:
  - proto
- name: github.com/matttproud/golang_protobuf_extensions
  version: c12348ce28de40eed0136aa2b644d0ee0650e56c
  subpackages:
  - pbutil
- name: github.com/mindprince/gonvml
  version: b364b296c7320f5d3dc084aa536a3dba33b68f90
- name: github.com/prometheus/client_golang
  version: abad2d1bd44235a26707c172eab6bca5bf2dbad3
  subpackages:
  - prometheus
  - prometheus/internal
  - prometheus/promhttp
- name: github.com/prometheus/client_model
  version: 5c3871d89910bfb32f5fcab2aa4b9ec68e65a99f
  subpackages:
  - go
- name: github.com/prometheus/common
  version: 4724e9255275ce38f7179b2478abeae4e28c904f
  subpackages:
  - expfmt
  - internal/bitbucket.org/ww/goautoneg
  - model
- name: github.com/prometheus/procfs
  version: 619930b0b4713cc1280189bf0a4c54b3fb506f60
  subpackages:
  - internal/util
  - nfs
  - xfs
testImports: []
